
Microsoft Visual Studio Solution File, Format Version 12.00
# Visual Studio 2013
VisualStudioVersion = 12.0.21005.1
MinimumVisualStudioVersion = 10.0.40219.1
Project("{FAE04EC0-301F-11D3-BF4B-00C04F79EFBC}") = "App2", "Source code\App2\App2.csproj", "{A62144E1-C86C-48A2-9DF8-DF70102DDA9E}"
EndProject
Project("{FAE04EC0-301F-11D3-BF4B-00C04F79EFBC}") = "App1", "Source code\App1\App1.csproj", "{3D255D68-DF04-4431-BE12-84E2DC1B556F}"
EndProject
Project("{FAE04EC0-301F-11D3-BF4B-00C04F79EFBC}") = "TestTaskLibrary", "Source code\TestTaskLibrary\TestTaskLibrary.csproj", "{C4FD8E02-FF66-4234-9D8C-9B077F384CB6}"
EndProject
Project("{FAE04EC0-301F-11D3-BF4B-00C04F79EFBC}") = "LinearInterpolator", "Source code\LinearInterpolator\LinearInterpolator.csproj", "{F55CFF46-BF30-4178-851C-DBE0CDBCEEFE}"
EndProject
Project("{FAE04EC0-301F-11D3-BF4B-00C04F79EFBC}") = "QuadraticInterpolator", "Source code\QuadraticInterpolator\QuadraticInterpolator.csproj", "{387B5A6E-ABE1-484D-BDC4-C47050FE3202}"
EndProject
Project("{FAE04EC0-301F-11D3-BF4B-00C04F79EFBC}") = "CubicInterpolator", "Source code\CubicInterpolator\CubicInterpolator.csproj", "{95430C30-C72C-4D35-9754-FD15BFA6E195}"
EndProject
Project("{2150E333-8FDC-42A3-9474-1A3956D46DE8}") = "Plugins", "Plugins", "{ECD7860E-E1C7-498D-BE97-9AA0F26AFEF3}"
EndProject
Project("{2150E333-8FDC-42A3-9474-1A3956D46DE8}") = "Apps", "Apps", "{9CD8B45B-CA08-4F99-88E7-E8E5196B0705}"
EndProject
Global
	GlobalSection(SolutionConfigurationPlatforms) = preSolution
		Debug|Any CPU = Debug|Any CPU
		Release|Any CPU = Release|Any CPU
	EndGlobalSection
	GlobalSection(ProjectConfigurationPlatforms) = postSolution
		{A62144E1-C86C-48A2-9DF8-DF70102DDA9E}.Debug|Any CPU.ActiveCfg = Debug|Any CPU
		{A62144E1-C86C-48A2-9DF8-DF70102DDA9E}.Debug|Any CPU.Build.0 = Debug|Any CPU
		{A62144E1-C86C-48A2-9DF8-DF70102DDA9E}.Release|Any CPU.ActiveCfg = Release|Any CPU
		{A62144E1-C86C-48A2-9DF8-DF70102DDA9E}.Release|Any CPU.Build.0 = Release|Any CPU
		{3D255D68-DF04-4431-BE12-84E2DC1B556F}.Debug|Any CPU.ActiveCfg = Debug|Any CPU
		{3D255D68-DF04-4431-BE12-84E2DC1B556F}.Debug|Any CPU.Build.0 = Debug|Any CPU
		{3D255D68-DF04-4431-BE12-84E2DC1B556F}.Release|Any CPU.ActiveCfg = Release|Any CPU
		{3D255D68-DF04-4431-BE12-84E2DC1B556F}.Release|Any CPU.Build.0 = Release|Any CPU
		{C4FD8E02-FF66-4234-9D8C-9B077F384CB6}.Debug|Any CPU.ActiveCfg = Debug|Any CPU
		{C4FD8E02-FF66-4234-9D8C-9B077F384CB6}.Debug|Any CPU.Build.0 = Debug|Any CPU
		{C4FD8E02-FF66-4234-9D8C-9B077F384CB6}.Release|Any CPU.ActiveCfg = Release|Any CPU
		{C4FD8E02-FF66-4234-9D8C-9B077F384CB6}.Release|Any CPU.Build.0 = Release|Any CPU
		{F55CFF46-BF30-4178-851C-DBE0CDBCEEFE}.Debug|Any CPU.ActiveCfg = Debug|Any CPU
		{F55CFF46-BF30-4178-851C-DBE0CDBCEEFE}.Debug|Any CPU.Build.0 = Debug|Any CPU
		{F55CFF46-BF30-4178-851C-DBE0CDBCEEFE}.Release|Any CPU.ActiveCfg = Release|Any CPU
		{F55CFF46-BF30-4178-851C-DBE0CDBCEEFE}.Release|Any CPU.Build.0 = Release|Any CPU
		{387B5A6E-ABE1-484D-BDC4-C47050FE3202}.Debug|Any CPU.ActiveCfg = Debug|Any CPU
		{387B5A6E-ABE1-484D-BDC4-C47050FE3202}.Debug|Any CPU.Build.0 = Debug|Any CPU
		{387B5A6E-ABE1-484D-BDC4-C47050FE3202}.Release|Any CPU.ActiveCfg = Release|Any CPU
		{387B5A6E-ABE1-484D-BDC4-C47050FE3202}.Release|Any CPU.Build.0 = Release|Any CPU
		{95430C30-C72C-4D35-9754-FD15BFA6E195}.Debug|Any CPU.ActiveCfg = Debug|Any CPU
		{95430C30-C72C-4D35-9754-FD15BFA6E195}.Debug|Any CPU.Build.0 = Debug|Any CPU
		{95430C30-C72C-4D35-9754-FD15BFA6E195}.Release|Any CPU.ActiveCfg = Release|Any CPU
		{95430C30-C72C-4D35-9754-FD15BFA6E195}.Release|Any CPU.Build.0 = Release|Any CPU
	EndGlobalSection
	GlobalSection(SolutionProperties) = preSolution
		HideSolutionNode = FALSE
	EndGlobalSection
	GlobalSection(NestedProjects) = preSolution
		{3D255D68-DF04-4431-BE12-84E2DC1B556F} = {9CD8B45B-CA08-4F99-88E7-E8E5196B0705}
		{A62144E1-C86C-48A2-9DF8-DF70102DDA9E} = {9CD8B45B-CA08-4F99-88E7-E8E5196B0705}
		{387B5A6E-ABE1-484D-BDC4-C47050FE3202} = {ECD7860E-E1C7-498D-BE97-9AA0F26AFEF3}
		{95430C30-C72C-4D35-9754-FD15BFA6E195} = {ECD7860E-E1C7-498D-BE97-9AA0F26AFEF3}
		{F55CFF46-BF30-4178-851C-DBE0CDBCEEFE} = {ECD7860E-E1C7-498D-BE97-9AA0F26AFEF3}
	EndGlobalSection
EndGlobal
